
Microsoft Visual Studio Solution File, Format Version 12.00
# Visual Studio Version 17
VisualStudioVersion = 17.10.34928.147
MinimumVisualStudioVersion = 10.0.40219.1
Project("{FAE04EC0-301F-11D3-BF4B-00C04F79EFBC}") = "RavenDBtoSqlServerDataLoad", "RavenDBtoSqlServerDataLoad\RavenDBtoSqlServerDataLoad.csproj", "{FB1765CD-A012-46F6-99E2-ED68101BFED3}"
EndProject
Global
	GlobalSection(SolutionConfigurationPlatforms) = preSolution
		Debug|Any CPU = Debug|Any CPU
		Release|Any CPU = Release|Any CPU
	EndGlobalSection
	GlobalSection(ProjectConfigurationPlatforms) = postSolution
		{FB1765CD-A012-46F6-99E2-ED68101BFED3}.Debug|Any CPU.ActiveCfg = Debug|Any CPU
		{FB1765CD-A012-46F6-99E2-ED68101BFED3}.Debug|Any CPU.Build.0 = Debug|Any CPU
		{FB1765CD-A012-46F6-99E2-ED68101BFED3}.Release|Any CPU.ActiveCfg = Release|Any CPU
		{FB1765CD-A012-46F6-99E2-ED68101BFED3}.Release|Any CPU.Build.0 = Release|Any CPU
	EndGlobalSection
	GlobalSection(SolutionProperties) = preSolution
		HideSolutionNode = FALSE
	EndGlobalSection
	GlobalSection(ExtensibilityGlobals) = postSolution
		SolutionGuid = {831D3002-9022-4285-A571-D4466ECF9590}
	EndGlobalSection
EndGlobal
